
Microsoft Visual Studio Solution File, Format Version 12.00
# Visual Studio Version 17
VisualStudioVersion = 17.1.32210.238
MinimumVisualStudioVersion = 10.0.40219.1
Project("{FAE04EC0-301F-11D3-BF4B-00C04F79EFBC}") = "WFA_EF_OgrenciListesi", "WFA_EF_OgrenciListesi\WFA_EF_OgrenciListesi.csproj", "{33FE9CB4-DEAC-4DAE-BAAE-5105F783787D}"
EndProject
Global
	GlobalSection(SolutionConfigurationPlatforms) = preSolution
		Debug|Any CPU = Debug|Any CPU
		Release|Any CPU = Release|Any CPU
	EndGlobalSection
	GlobalSection(ProjectConfigurationPlatforms) = postSolution
		{33FE9CB4-DEAC-4DAE-BAAE-5105F783787D}.Debug|Any CPU.ActiveCfg = Debug|Any CPU
		{33FE9CB4-DEAC-4DAE-BAAE-5105F783787D}.Debug|Any CPU.Build.0 = Debug|Any CPU
		{33FE9CB4-DEAC-4DAE-BAAE-5105F783787D}.Release|Any CPU.ActiveCfg = Release|Any CPU
		{33FE9CB4-DEAC-4DAE-BAAE-5105F783787D}.Release|Any CPU.Build.0 = Release|Any CPU
	EndGlobalSection
	GlobalSection(SolutionProperties) = preSolution
		HideSolutionNode = FALSE
	EndGlobalSection
	GlobalSection(ExtensibilityGlobals) = postSolution
		SolutionGuid = {65B44E0D-E488-42B3-8013-E2EDE0F1DF97}
	EndGlobalSection
EndGlobal
